// !$*UTF8*$!
{
	archiveVersion = 1;
	classes = {
	};
	objectVersion = 46;
	objects = {

/* Begin PBXBuildFile section */
		8B82A3411D2BE4340047DF33 /* VPAccordionAnimationProtocol.swift in Sources */ = {isa = PBXBuildFile; fileRef = 8B82A33E1D2BE4340047DF33 /* VPAccordionAnimationProtocol.swift */; };
		8B82A3421D2BE4340047DF33 /* VPAccordionAnimationViewController.swift in Sources */ = {isa = PBXBuildFile; fileRef = 8B82A33F1D2BE4340047DF33 /* VPAccordionAnimationViewController.swift */; };
		8B82A3431D2BE4340047DF33 /* VPAccordionTableViewCell.swift in Sources */ = {isa = PBXBuildFile; fileRef = 8B82A3401D2BE4340047DF33 /* VPAccordionTableViewCell.swift */; };
		8B82A34F1D2BE4610047DF33 /* AppDelegate.swift in Sources */ = {isa = PBXBuildFile; fileRef = 8B82A3441D2BE4610047DF33 /* AppDelegate.swift */; };
		8B82A3501D2BE4610047DF33 /* Assets.xcassets in Resources */ = {isa = PBXBuildFile; fileRef = 8B82A3451D2BE4610047DF33 /* Assets.xcassets */; };
		8B82A3511D2BE4610047DF33 /* LaunchScreen.storyboard in Resources */ = {isa = PBXBuildFile; fileRef = 8B82A3471D2BE4610047DF33 /* LaunchScreen.storyboard */; };
		8B82A3521D2BE4610047DF33 /* Main.storyboard in Resources */ = {isa = PBXBuildFile; fileRef = 8B82A3491D2BE4610047DF33 /* Main.storyboard */; };
		8B82A3531D2BE4610047DF33 /* CustomTableViewCell.swift in Sources */ = {isa = PBXBuildFile; fileRef = 8B82A34B1D2BE4610047DF33 /* CustomTableViewCell.swift */; };
		8B82A3551D2BE4610047DF33 /* SampleViewController.swift in Sources */ = {isa = PBXBuildFile; fileRef = 8B82A34D1D2BE4610047DF33 /* SampleViewController.swift */; };
		8B82A3561D2BE4610047DF33 /* ViewController.swift in Sources */ = {isa = PBXBuildFile; fileRef = 8B82A34E1D2BE4610047DF33 /* ViewController.swift */; };
/* End PBXBuildFile section */

/* Begin PBXFileReference section */
		8B5DF4331D1BCE2300B91D78 /* VPAccordionAnimationExample.app */ = {isa = PBXFileReference; explicitFileType = wrapper.application; includeInIndex = 0; path = VPAccordionAnimationExample.app; sourceTree = BUILT_PRODUCTS_DIR; };
		8B82A33E1D2BE4340047DF33 /* VPAccordionAnimationProtocol.swift */ = {isa = PBXFileReference; fileEncoding = 4; lastKnownFileType = sourcecode.swift; path = VPAccordionAnimationProtocol.swift; sourceTree = "<group>"; };
		8B82A33F1D2BE4340047DF33 /* VPAccordionAnimationViewController.swift */ = {isa = PBXFileReference; fileEncoding = 4; lastKnownFileType = sourcecode.swift; path = VPAccordionAnimationViewController.swift; sourceTree = "<group>"; };
		8B82A3401D2BE4340047DF33 /* VPAccordionTableViewCell.swift */ = {isa = PBXFileReference; fileEncoding = 4; lastKnownFileType = sourcecode.swift; path = VPAccordionTableViewCell.swift; sourceTree = "<group>"; };
		8B82A3441D2BE4610047DF33 /* AppDelegate.swift */ = {isa = PBXFileReference; fileEncoding = 4; lastKnownFileType = sourcecode.swift; name = AppDelegate.swift; path = VPAccordionAnimation/AppDelegate.swift; sourceTree = SOURCE_ROOT; };
		8B82A3451D2BE4610047DF33 /* Assets.xcassets */ = {isa = PBXFileReference; lastKnownFileType = folder.assetcatalog; name = Assets.xcassets; path = VPAccordionAnimation/Assets.xcassets; sourceTree = SOURCE_ROOT; };
		8B82A3481D2BE4610047DF33 /* Base */ = {isa = PBXFileReference; lastKnownFileType = file.storyboard; name = Base; path = LaunchScreen.storyboard; sourceTree = "<group>"; };
		8B82A34A1D2BE4610047DF33 /* Base */ = {isa = PBXFileReference; lastKnownFileType = file.storyboard; name = Base; path = Main.storyboard; sourceTree = "<group>"; };
		8B82A34B1D2BE4610047DF33 /* CustomTableViewCell.swift */ = {isa = PBXFileReference; fileEncoding = 4; lastKnownFileType = sourcecode.swift; name = CustomTableViewCell.swift; path = VPAccordionAnimation/CustomTableViewCell.swift; sourceTree = SOURCE_ROOT; };
		8B82A34C1D2BE4610047DF33 /* Info.plist */ = {isa = PBXFileReference; fileEncoding = 4; lastKnownFileType = text.plist.xml; name = Info.plist; path = VPAccordionAnimation/Info.plist; sourceTree = SOURCE_ROOT; };
		8B82A34D1D2BE4610047DF33 /* SampleViewController.swift */ = {isa = PBXFileReference; fileEncoding = 4; lastKnownFileType = sourcecode.swift; name = SampleViewController.swift; path = VPAccordionAnimation/SampleViewController.swift; sourceTree = SOURCE_ROOT; };
		8B82A34E1D2BE4610047DF33 /* ViewController.swift */ = {isa = PBXFileReference; fileEncoding = 4; lastKnownFileType = sourcecode.swift; name = ViewController.swift; path = VPAccordionAnimation/ViewController.swift; sourceTree = SOURCE_ROOT; };
/* End PBXFileReference section */

/* Begin PBXFrameworksBuildPhase section */
		8B5DF4301D1BCE2300B91D78 /* Frameworks */ = {
			isa = PBXFrameworksBuildPhase;
			buildActionMask = 2147483647;
			files = (
			);
			runOnlyForDeploymentPostprocessing = 0;
		};
/* End PBXFrameworksBuildPhase section */

/* Begin PBXGroup section */
		8B5DF42A1D1BCE2300B91D78 = {
			isa = PBXGroup;
			children = (
				8BD573D91D254DF500058F49 /* AccordionAnimation */,
				8B5DF4341D1BCE2300B91D78 /* Products */,
			);
			sourceTree = "<group>";
		};
		8B5DF4341D1BCE2300B91D78 /* Products */ = {
			isa = PBXGroup;
			children = (
				8B5DF4331D1BCE2300B91D78 /* VPAccordionAnimationExample.app */,
			);
			name = Products;
			sourceTree = "<group>";
		};
		8B82A33D1D2BE4340047DF33 /* VPAccordionAnimation */ = {
			isa = PBXGroup;
			children = (
				8B82A33E1D2BE4340047DF33 /* VPAccordionAnimationProtocol.swift */,
				8B82A33F1D2BE4340047DF33 /* VPAccordionAnimationViewController.swift */,
				8B82A3401D2BE4340047DF33 /* VPAccordionTableViewCell.swift */,
			);
			name = VPAccordionAnimation;
			path = ../../VPAccordionAnimation;
			sourceTree = "<group>";
		};
		8BD573D91D254DF500058F49 /* AccordionAnimation */ = {
			isa = PBXGroup;
			children = (
				8B82A33D1D2BE4340047DF33 /* VPAccordionAnimation */,
				8B82A34E1D2BE4610047DF33 /* ViewController.swift */,
				8B82A34D1D2BE4610047DF33 /* SampleViewController.swift */,
				8B82A34B1D2BE4610047DF33 /* CustomTableViewCell.swift */,
				8B82A3441D2BE4610047DF33 /* AppDelegate.swift */,
				8B82A3471D2BE4610047DF33 /* LaunchScreen.storyboard */,
				8B82A3491D2BE4610047DF33 /* Main.storyboard */,
				8B82A3451D2BE4610047DF33 /* Assets.xcassets */,
				8B82A34C1D2BE4610047DF33 /* Info.plist */,
			);
			name = AccordionAnimation;
			path = VPAccordionAnimation;
			sourceTree = "<group>";
		};
/* End PBXGroup section */

/* Begin PBXNativeTarget section */
		8B5DF4321D1BCE2300B91D78 /* VPAccordionAnimationExample */ = {
			isa = PBXNativeTarget;
			buildConfigurationList = 8B5DF4451D1BCE2300B91D78 /* Build configuration list for PBXNativeTarget "VPAccordionAnimationExample" */;
			buildPhases = (
				8B5DF42F1D1BCE2300B91D78 /* Sources */,
				8B5DF4301D1BCE2300B91D78 /* Frameworks */,
				8B5DF4311D1BCE2300B91D78 /* Resources */,
			);
			buildRules = (
			);
			dependencies = (
			);
			name = VPAccordionAnimationExample;
			productName = AccordianAnimation;
			productReference = 8B5DF4331D1BCE2300B91D78 /* VPAccordionAnimationExample.app */;
			productType = "com.apple.product-type.application";
		};
/* End PBXNativeTarget section */

/* Begin PBXProject section */
		8B5DF42B1D1BCE2300B91D78 /* Project object */ = {
			isa = PBXProject;
			attributes = {
				LastSwiftUpdateCheck = 0730;
				LastUpgradeCheck = 0730;
				ORGANIZATIONNAME = YMediaLabs;
				TargetAttributes = {
					8B5DF4321D1BCE2300B91D78 = {
						CreatedOnToolsVersion = 7.3;
					};
				};
			};
			buildConfigurationList = 8B5DF42E1D1BCE2300B91D78 /* Build configuration list for PBXProject "VPAccordionAnimationExample" */;
			compatibilityVersion = "Xcode 3.2";
			developmentRegion = English;
			hasScannedForEncodings = 0;
			knownRegions = (
				en,
				Base,
			);
			mainGroup = 8B5DF42A1D1BCE2300B91D78;
			productRefGroup = 8B5DF4341D1BCE2300B91D78 /* Products */;
			projectDirPath = "";
			projectRoot = "";
			targets = (
				8B5DF4321D1BCE2300B91D78 /* VPAccordionAnimationExample */,
			);
		};
/* End PBXProject section */

/* Begin PBXResourcesBuildPhase section */
		8B5DF4311D1BCE2300B91D78 /* Resources */ = {
			isa = PBXResourcesBuildPhase;
			buildActionMask = 2147483647;
			files = (
				8B82A3521D2BE4610047DF33 /* Main.storyboard in Resources */,
				8B82A3501D2BE4610047DF33 /* Assets.xcassets in Resources */,
				8B82A3511D2BE4610047DF33 /* LaunchScreen.storyboard in Resources */,
			);
			runOnlyForDeploymentPostprocessing = 0;
		};
/* End PBXResourcesBuildPhase section */

/* Begin PBXSourcesBuildPhase section */
		8B5DF42F1D1BCE2300B91D78 /* Sources */ = {
			isa = PBXSourcesBuildPhase;
			buildActionMask = 2147483647;
			files = (
				8B82A34F1D2BE4610047DF33 /* AppDelegate.swift in Sources */,
				8B82A3531D2BE4610047DF33 /* CustomTableViewCell.swift in Sources */,
				8B82A3551D2BE4610047DF33 /* SampleViewController.swift in Sources */,
				8B82A3431D2BE4340047DF33 /* VPAccordionTableViewCell.swift in Sources */,
				8B82A3561D2BE4610047DF33 /* ViewController.swift in Sources */,
				8B82A3421D2BE4340047DF33 /* VPAccordionAnimationViewController.swift in Sources */,
				8B82A3411D2BE4340047DF33 /* VPAccordionAnimationProtocol.swift in Sources */,
			);
			runOnlyForDeploymentPostprocessing = 0;
		};
/* End PBXSourcesBuildPhase section */

/* Begin PBXVariantGroup section */
		8B82A3471D2BE4610047DF33 /* LaunchScreen.storyboard */ = {
			isa = PBXVariantGroup;
			children = (
				8B82A3481D2BE4610047DF33 /* Base */,
			);
			name = LaunchScreen.storyboard;
			path = ../VPAccordionAnimation/Base.lproj;
			sourceTree = "<group>";
		};
		8B82A3491D2BE4610047DF33 /* Main.storyboard */ = {
			isa = PBXVariantGroup;
			children = (
				8B82A34A1D2BE4610047DF33 /* Base */,
			);
			name = Main.storyboard;
			path = ../VPAccordionAnimation/Base.lproj;
			sourceTree = "<group>";
		};
/* End PBXVariantGroup section */

/* Begin XCBuildConfiguration section */
		8B5DF4431D1BCE2300B91D78 /* Debug */ = {
			isa = XCBuildConfiguration;
			buildSettings = {
				ALWAYS_SEARCH_USER_PATHS = NO;
				CLANG_ANALYZER_NONNULL = YES;
				CLANG_CXX_LANGUAGE_STANDARD = "gnu++0x";
				CLANG_CXX_LIBRARY = "libc++";
				CLANG_ENABLE_MODULES = YES;
				CLANG_ENABLE_OBJC_ARC = YES;
				CLANG_WARN_BOOL_CONVERSION = YES;
				CLANG_WARN_CONSTANT_CONVERSION = YES;
				CLANG_WARN_DIRECT_OBJC_ISA_USAGE = YES_ERROR;
				CLANG_WARN_EMPTY_BODY = YES;
				CLANG_WARN_ENUM_CONVERSION = YES;
				CLANG_WARN_INT_CONVERSION = YES;
				CLANG_WARN_OBJC_ROOT_CLASS = YES_ERROR;
				CLANG_WARN_UNREACHABLE_CODE = YES;
				CLANG_WARN__DUPLICATE_METHOD_MATCH = YES;
				"CODE_SIGN_IDENTITY[sdk=iphoneos*]" = "iPhone Developer";
				COPY_PHASE_STRIP = NO;
				DEBUG_INFORMATION_FORMAT = dwarf;
				ENABLE_STRICT_OBJC_MSGSEND = YES;
				ENABLE_TESTABILITY = YES;
				GCC_C_LANGUAGE_STANDARD = gnu99;
				GCC_DYNAMIC_NO_PIC = NO;
				GCC_NO_COMMON_BLOCKS = YES;
				GCC_OPTIMIZATION_LEVEL = 0;
				GCC_PREPROCESSOR_DEFINITIONS = (
					"DEBUG=1",
					"$(inherited)",
				);
				GCC_WARN_64_TO_32_BIT_CONVERSION = YES;
				GCC_WARN_ABOUT_RETURN_TYPE = YES_ERROR;
				GCC_WARN_UNDECLARED_SELECTOR = YES;
				GCC_WARN_UNINITIALIZED_AUTOS = YES_AGGRESSIVE;
				GCC_WARN_UNUSED_FUNCTION = YES;
				GCC_WARN_UNUSED_VARIABLE = YES;
				IPHONEOS_DEPLOYMENT_TARGET = 9.3;
				MTL_ENABLE_DEBUG_INFO = YES;
				ONLY_ACTIVE_ARCH = YES;
				SDKROOT = iphoneos;
				SWIFT_OPTIMIZATION_LEVEL = "-Onone";
			};
			name = Debug;
		};
		8B5DF4441D1BCE2300B91D78 /* Release */ = {
			isa = XCBuildConfiguration;
			buildSettings = {
				ALWAYS_SEARCH_USER_PATHS = NO;
				CLANG_ANALYZER_NONNULL = YES;
				CLANG_CXX_LANGUAGE_STANDARD = "gnu++0x";
				CLANG_CXX_LIBRARY = "libc++";
				CLANG_ENABLE_MODULES = YES;
				CLANG_ENABLE_OBJC_ARC = YES;
				CLANG_WARN_BOOL_CONVERSION = YES;
				CLANG_WARN_CONSTANT_CONVERSION = YES;
				CLANG_WARN_DIRECT_OBJC_ISA_USAGE = YES_ERROR;
				CLANG_WARN_EMPTY_BODY = YES;
				CLANG_WARN_ENUM_CONVERSION = YES;
				CLANG_WARN_INT_CONVERSION = YES;
				CLANG_WARN_OBJC_ROOT_CLASS = YES_ERROR;
				CLANG_WARN_UNREACHABLE_CODE = YES;
				CLANG_WARN__DUPLICATE_METHOD_MATCH = YES;
				"CODE_SIGN_IDENTITY[sdk=iphoneos*]" = "iPhone Developer";
				COPY_PHASE_STRIP = NO;
				DEBUG_INFORMATION_FORMAT = "dwarf-with-dsym";
				ENABLE_NS_ASSERTIONS = NO;
				ENABLE_STRICT_OBJC_MSGSEND = YES;
				GCC_C_LANGUAGE_STANDARD = gnu99;
				GCC_NO_COMMON_BLOCKS = YES;
				GCC_WARN_64_TO_32_BIT_CONVERSION = YES;
				GCC_WARN_ABOUT_RETURN_TYPE = YES_ERROR;
				GCC_WARN_UNDECLARED_SELECTOR = YES;
				GCC_WARN_UNINITIALIZED_AUTOS = YES_AGGRESSIVE;
				GCC_WARN_UNUSED_FUNCTION = YES;
				GCC_WARN_UNUSED_VARIABLE = YES;
				IPHONEOS_DEPLOYMENT_TARGET = 9.3;
				MTL_ENABLE_DEBUG_INFO = NO;
				SDKROOT = iphoneos;
				VALIDATE_PRODUCT = YES;
			};
			name = Release;
		};
		8B5DF4461D1BCE2300B91D78 /* Debug */ = {
			isa = XCBuildConfiguration;
			buildSettings = {
				ASSETCATALOG_COMPILER_APPICON_NAME = AppIcon;
				ASSETCATALOG_COMPILER_LAUNCHIMAGE_NAME = "Brand Assets";
				INFOPLIST_FILE = VPAccordionAnimation/Info.plist;
				IPHONEOS_DEPLOYMENT_TARGET = 7.0;
				LD_RUNPATH_SEARCH_PATHS = "$(inherited) @executable_path/Frameworks";
				PRODUCT_BUNDLE_IDENTIFIER = com.vpm.AccordionAnimation;
				PRODUCT_NAME = VPAccordionAnimationExample;
			};
			name = Debug;
		};
		8B5DF4471D1BCE2300B91D78 /* Release */ = {
			isa = XCBuildConfiguration;
			buildSettings = {
				ASSETCATALOG_COMPILER_APPICON_NAME = AppIcon;
				ASSETCATALOG_COMPILER_LAUNCHIMAGE_NAME = "Brand Assets";
				INFOPLIST_FILE = VPAccordionAnimation/Info.plist;
				IPHONEOS_DEPLOYMENT_TARGET = 7.0;
				LD_RUNPATH_SEARCH_PATHS = "$(inherited) @executable_path/Frameworks";
				PRODUCT_BUNDLE_IDENTIFIER = com.vpm.AccordionAnimation;
				PRODUCT_NAME = VPAccordionAnimationExample;
			};
			name = Release;
		};
/* End XCBuildConfiguration section */

/* Begin XCConfigurationList section */
		8B5DF42E1D1BCE2300B91D78 /* Build configuration list for PBXProject "VPAccordionAnimationExample" */ = {
			isa = XCConfigurationList;
			buildConfigurations = (
				8B5DF4431D1BCE2300B91D78 /* Debug */,
				8B5DF4441D1BCE2300B91D78 /* Release */,
			);
			defaultConfigurationIsVisible = 0;
			defaultConfigurationName = Release;
		};
		8B5DF4451D1BCE2300B91D78 /* Build configuration list for PBXNativeTarget "VPAccordionAnimationExample" */ = {
			isa = XCConfigurationList;
			buildConfigurations = (
				8B5DF4461D1BCE2300B91D78 /* Debug */,
				8B5DF4471D1BCE2300B91D78 /* Release */,
			);
			defaultConfigurationIsVisible = 0;
			defaultConfigurationName = Release;
		};
/* End XCConfigurationList section */
	};
	rootObject = 8B5DF42B1D1BCE2300B91D78 /* Project object */;
}
